
Microsoft Visual Studio Solution File, Format Version 12.00
# Visual Studio 15
VisualStudioVersion = 15.0.26823.1
MinimumVisualStudioVersion = 10.0.40219.1
Project("{9A19103F-16F7-4668-BE54-9A1E7A4F7556}") = "CoinDriveICO.BusinessLayer", "CoinDriveICO.BusinessLayer\CoinDriveICO.BusinessLayer.csproj", "{B9698312-10FE-43E5-A992-6213521CEF8A}"
EndProject
Project("{9A19103F-16F7-4668-BE54-9A1E7A4F7556}") = "CoinDriveICO.Web", "CoinDriveICO.Web\CoinDriveICO.Web.csproj", "{7A17CA59-CE44-47E2-8D0C-82A466AA8248}"
EndProject
Project("{9A19103F-16F7-4668-BE54-9A1E7A4F7556}") = "CoinDriveICO.DataLayer", "CoinDriveICO.DataLayer\CoinDriveICO.DataLayer.csproj", "{ADF0E3F2-7B54-436E-9D8B-995E261873A4}"
EndProject
Project("{9A19103F-16F7-4668-BE54-9A1E7A4F7556}") = "CoinDriveICO.Framework", "CoinDriveICO.Framework\CoinDriveICO.Framework.csproj", "{6988CD10-FE36-4753-A2E7-0A036BD9FE52}"
EndProject
Global
	GlobalSection(SolutionConfigurationPlatforms) = preSolution
		Debug|Any CPU = Debug|Any CPU
		Release|Any CPU = Release|Any CPU
	EndGlobalSection
	GlobalSection(ProjectConfigurationPlatforms) = postSolution
		{B9698312-10FE-43E5-A992-6213521CEF8A}.Debug|Any CPU.ActiveCfg = Debug|Any CPU
		{B9698312-10FE-43E5-A992-6213521CEF8A}.Debug|Any CPU.Build.0 = Debug|Any CPU
		{B9698312-10FE-43E5-A992-6213521CEF8A}.Release|Any CPU.ActiveCfg = Release|Any CPU
		{B9698312-10FE-43E5-A992-6213521CEF8A}.Release|Any CPU.Build.0 = Release|Any CPU
		{7A17CA59-CE44-47E2-8D0C-82A466AA8248}.Debug|Any CPU.ActiveCfg = Debug|Any CPU
		{7A17CA59-CE44-47E2-8D0C-82A466AA8248}.Debug|Any CPU.Build.0 = Debug|Any CPU
		{7A17CA59-CE44-47E2-8D0C-82A466AA8248}.Release|Any CPU.ActiveCfg = Release|Any CPU
		{7A17CA59-CE44-47E2-8D0C-82A466AA8248}.Release|Any CPU.Build.0 = Release|Any CPU
		{ADF0E3F2-7B54-436E-9D8B-995E261873A4}.Debug|Any CPU.ActiveCfg = Debug|Any CPU
		{ADF0E3F2-7B54-436E-9D8B-995E261873A4}.Debug|Any CPU.Build.0 = Debug|Any CPU
		{ADF0E3F2-7B54-436E-9D8B-995E261873A4}.Release|Any CPU.ActiveCfg = Release|Any CPU
		{ADF0E3F2-7B54-436E-9D8B-995E261873A4}.Release|Any CPU.Build.0 = Release|Any CPU
		{6988CD10-FE36-4753-A2E7-0A036BD9FE52}.Debug|Any CPU.ActiveCfg = Debug|Any CPU
		{6988CD10-FE36-4753-A2E7-0A036BD9FE52}.Debug|Any CPU.Build.0 = Debug|Any CPU
		{6988CD10-FE36-4753-A2E7-0A036BD9FE52}.Release|Any CPU.ActiveCfg = Release|Any CPU
		{6988CD10-FE36-4753-A2E7-0A036BD9FE52}.Release|Any CPU.Build.0 = Release|Any CPU
	EndGlobalSection
	GlobalSection(SolutionProperties) = preSolution
		HideSolutionNode = FALSE
	EndGlobalSection
	GlobalSection(ExtensibilityGlobals) = postSolution
		SolutionGuid = {F88031B8-B7BF-41E6-B01F-2B30ABD257F5}
	EndGlobalSection
EndGlobal
